
Microsoft Visual Studio Solution File, Format Version 12.00
Project("{FAE04EC0-301F-11D3-BF4B-00C04F79EFBC}") = "Itok.Queue.File", "Itok.Queue.File\Itok.Queue.File.csproj", "{29D0C53B-9B2E-4BE0-A03C-16AB74DE5C3D}"
EndProject
Project("{FAE04EC0-301F-11D3-BF4B-00C04F79EFBC}") = "Itok.Queue.Abstractions", "Itok.Queue.Abstractions\Itok.Queue.Abstractions.csproj", "{A5FE8741-48A5-4642-AFDC-80B36033694D}"
EndProject
Global
	GlobalSection(SolutionConfigurationPlatforms) = preSolution
		Debug|Any CPU = Debug|Any CPU
		Release|Any CPU = Release|Any CPU
	EndGlobalSection
	GlobalSection(ProjectConfigurationPlatforms) = postSolution
		{29D0C53B-9B2E-4BE0-A03C-16AB74DE5C3D}.Debug|Any CPU.ActiveCfg = Debug|Any CPU
		{29D0C53B-9B2E-4BE0-A03C-16AB74DE5C3D}.Debug|Any CPU.Build.0 = Debug|Any CPU
		{29D0C53B-9B2E-4BE0-A03C-16AB74DE5C3D}.Release|Any CPU.ActiveCfg = Release|Any CPU
		{29D0C53B-9B2E-4BE0-A03C-16AB74DE5C3D}.Release|Any CPU.Build.0 = Release|Any CPU
		{A5FE8741-48A5-4642-AFDC-80B36033694D}.Debug|Any CPU.ActiveCfg = Debug|Any CPU
		{A5FE8741-48A5-4642-AFDC-80B36033694D}.Debug|Any CPU.Build.0 = Debug|Any CPU
		{A5FE8741-48A5-4642-AFDC-80B36033694D}.Release|Any CPU.ActiveCfg = Release|Any CPU
		{A5FE8741-48A5-4642-AFDC-80B36033694D}.Release|Any CPU.Build.0 = Release|Any CPU
	EndGlobalSection
EndGlobal
